
Microsoft Visual Studio Solution File, Format Version 12.00
# Visual Studio Version 17
VisualStudioVersion = 17.8.34316.72
MinimumVisualStudioVersion = 10.0.40219.1
Project("{FAE04EC0-301F-11D3-BF4B-00C04F79EFBC}") = "HeshCode", "HeshCode\HeshCode.csproj", "{FC93C355-4947-4CF7-BDC7-ABEA73B4CEBF}"
EndProject
Global
	GlobalSection(SolutionConfigurationPlatforms) = preSolution
		Debug|Any CPU = Debug|Any CPU
		Release|Any CPU = Release|Any CPU
	EndGlobalSection
	GlobalSection(ProjectConfigurationPlatforms) = postSolution
		{FC93C355-4947-4CF7-BDC7-ABEA73B4CEBF}.Debug|Any CPU.ActiveCfg = Debug|Any CPU
		{FC93C355-4947-4CF7-BDC7-ABEA73B4CEBF}.Debug|Any CPU.Build.0 = Debug|Any CPU
		{FC93C355-4947-4CF7-BDC7-ABEA73B4CEBF}.Release|Any CPU.ActiveCfg = Release|Any CPU
		{FC93C355-4947-4CF7-BDC7-ABEA73B4CEBF}.Release|Any CPU.Build.0 = Release|Any CPU
	EndGlobalSection
	GlobalSection(SolutionProperties) = preSolution
		HideSolutionNode = FALSE
	EndGlobalSection
	GlobalSection(ExtensibilityGlobals) = postSolution
		SolutionGuid = {39D34B5B-57C0-46EF-82CA-5D21442B6A06}
	EndGlobalSection
EndGlobal
